$ terraform apply
google_compute_network.vpc_network: Refreshing state... [id=projects/hc-16016bbc5bd4494da8c084045df/global/networks/terraform-network]

Terraform used the selected providers to generate the following execution plan. Resource actions
are indicated with the following symbols:
  + create

Terraform will perform the following actions:

  # google_compute_instance.vm_instance will be created
  + resource "google_compute_instance" "vm_instance" {
      + can_ip_forward       = false
      + cpu_platform         = (known after apply)
      + current_status       = (known after apply)
      + deletion_protection  = false
      + effective_labels     = {
          + "goog-terraform-provisioned" = "true"
        }
      + id                   = (known after apply)
      + instance_id          = (known after apply)
      + label_fingerprint    = (known after apply)
      + machine_type         = "f1-micro"
      + metadata_fingerprint = (known after apply)
      + min_cpu_platform     = (known after apply)
      + name                 = "terraform-instance"
      + project              = "hc-16016bbc5bd4494da8c084045df"
      + self_link            = (known after apply)
      + tags_fingerprint     = (known after apply)
      + terraform_labels     = {
          + "goog-terraform-provisioned" = "true"
        }
      + zone                 = "us-central1-c"

      + boot_disk {
          + auto_delete                = true
          + device_name                = (known after apply)
          + disk_encryption_key_sha256 = (known after apply)
          + kms_key_self_link          = (known after apply)
          + mode                       = "READ_WRITE"
          + source                     = (known after apply)

          + initialize_params {
              + image                  = "debian-cloud/debian-11"
              + labels                 = (known after apply)
              + provisioned_iops       = (known after apply)
              + provisioned_throughput = (known after apply)
              + resource_policies      = (known after apply)
              + size                   = (known after apply)
              + type                   = (known after apply)
            }
        }

      + network_interface {
          + internal_ipv6_prefix_length = (known after apply)
          + ipv6_access_type            = (known after apply)
          + ipv6_address                = (known after apply)
          + name                        = (known after apply)
          + network                     = "terraform-network"
          + network_ip                  = (known after apply)
          + stack_type                  = (known after apply)
          + subnetwork                  = (known after apply)
          + subnetwork_project          = (known after apply)

          + access_config {
              + nat_ip       = (known after apply)
              + network_tier = (known after apply)
            }
        }
    }

Plan: 1 to add, 0 to change, 0 to destroy.

Do you want to perform these actions?
  Terraform will perform the actions described above.
  Only 'yes' will be accepted to approve.

  Enter a value: yes

google_compute_instance.vm_instance: Creating...
google_compute_instance.vm_instance: Still creating... [10s elapsed]
google_compute_instance.vm_instance: Creation complete after 11s [id=projects/testing-project/zones/us-central1-c/instances/terraform-instance]

Apply complete! Resources: 1 added, 0 changed, 0 destroyed.