$ terraform apply
azurerm_resource_group.rg: Refreshing state... [id=/subscriptions/c9ed8610-47a3-4107-a2b2-a322114dfb29/resourceGroups/myTFResourceGroup]

Terraform used the selected providers to generate the following execution plan. Resource actions are indicated with the following symbols:
  + create

Terraform will perform the following actions:

  # azurerm_virtual_network.vnet will be created
  + resource "azurerm_virtual_network" "vnet" {
      + address_space         = [
          + "10.0.0.0/16",
        ]
      + guid                  = (known after apply)
      + id                    = (known after apply)
      + location              = "westus2"
      + name                  = "myTFVnet"
      + resource_group_name   = "myTFResourceGroup"
      + subnet                = (known after apply)
      + vm_protection_enabled = false
    }

Plan: 1 to add, 0 to change, 0 to destroy.

Do you want to perform these actions?
  Terraform will perform the actions described above.
  Only 'yes' will be accepted to approve.

  Enter a value: yes

azurerm_virtual_network.vnet: Creating...
azurerm_virtual_network.vnet: Creation complete after 6s [id=/subscriptions/c9ed8610-47a3-4107-a2b2-a322114dfb29/resourceGroups/myTFResourceGroup/providers/Microsoft.Network/virtualNetworks/myTFVnet]

Apply complete! Resources: 1 added, 0 changed, 0 destroyed.